
Microsoft Visual Studio Solution File, Format Version 12.00
# Visual Studio 15
VisualStudioVersion = 15.0.28307.271
MinimumVisualStudioVersion = 10.0.40219.1
Project("{FAE04EC0-301F-11D3-BF4B-00C04F79EFBC}") = "Task1", "Task1\Task1.csproj", "{74738669-F800-45AB-9BC7-B362F5AD0011}"
EndProject
Project("{FAE04EC0-301F-11D3-BF4B-00C04F79EFBC}") = "Task - 1", "..\..\Week 1\Task1\Task - 1\Task - 1.csproj", "{ADA3D057-A71D-4A1E-ABCD-CECF7FAF104A}"
EndProject
Global
	GlobalSection(SolutionConfigurationPlatforms) = preSolution
		Debug|Any CPU = Debug|Any CPU
		Release|Any CPU = Release|Any CPU
	EndGlobalSection
	GlobalSection(ProjectConfigurationPlatforms) = postSolution
		{74738669-F800-45AB-9BC7-B362F5AD0011}.Debug|Any CPU.ActiveCfg = Debug|Any CPU
		{74738669-F800-45AB-9BC7-B362F5AD0011}.Debug|Any CPU.Build.0 = Debug|Any CPU
		{74738669-F800-45AB-9BC7-B362F5AD0011}.Release|Any CPU.ActiveCfg = Release|Any CPU
		{74738669-F800-45AB-9BC7-B362F5AD0011}.Release|Any CPU.Build.0 = Release|Any CPU
		{ADA3D057-A71D-4A1E-ABCD-CECF7FAF104A}.Debug|Any CPU.ActiveCfg = Debug|Any CPU
		{ADA3D057-A71D-4A1E-ABCD-CECF7FAF104A}.Debug|Any CPU.Build.0 = Debug|Any CPU
		{ADA3D057-A71D-4A1E-ABCD-CECF7FAF104A}.Release|Any CPU.ActiveCfg = Release|Any CPU
		{ADA3D057-A71D-4A1E-ABCD-CECF7FAF104A}.Release|Any CPU.Build.0 = Release|Any CPU
	EndGlobalSection
	GlobalSection(SolutionProperties) = preSolution
		HideSolutionNode = FALSE
	EndGlobalSection
	GlobalSection(ExtensibilityGlobals) = postSolution
		SolutionGuid = {369847A7-D938-4803-851B-978A38614A24}
	EndGlobalSection
EndGlobal
