
Microsoft Visual Studio Solution File, Format Version 12.00
# Visual Studio 15
VisualStudioVersion = 15.0.28307.271
MinimumVisualStudioVersion = 10.0.40219.1
Project("{FAE04EC0-301F-11D3-BF4B-00C04F79EFBC}") = "PaintTestVersion", "PaintTestVersion\PaintTestVersion.csproj", "{FDED8B5C-40BE-429A-8E4D-5F454809E4AF}"
EndProject
Global
	GlobalSection(SolutionConfigurationPlatforms) = preSolution
		Debug|Any CPU = Debug|Any CPU
		Release|Any CPU = Release|Any CPU
	EndGlobalSection
	GlobalSection(ProjectConfigurationPlatforms) = postSolution
		{FDED8B5C-40BE-429A-8E4D-5F454809E4AF}.Debug|Any CPU.ActiveCfg = Debug|Any CPU
		{FDED8B5C-40BE-429A-8E4D-5F454809E4AF}.Debug|Any CPU.Build.0 = Debug|Any CPU
		{FDED8B5C-40BE-429A-8E4D-5F454809E4AF}.Release|Any CPU.ActiveCfg = Release|Any CPU
		{FDED8B5C-40BE-429A-8E4D-5F454809E4AF}.Release|Any CPU.Build.0 = Release|Any CPU
	EndGlobalSection
	GlobalSection(SolutionProperties) = preSolution
		HideSolutionNode = FALSE
	EndGlobalSection
	GlobalSection(ExtensibilityGlobals) = postSolution
		SolutionGuid = {28877B86-9DF6-4C36-A110-F44795C001F4}
	EndGlobalSection
EndGlobal
