
Microsoft Visual Studio Solution File, Format Version 12.00
# Visual Studio 15
VisualStudioVersion = 15.0.28307.271
MinimumVisualStudioVersion = 10.0.40219.1
Project("{FAE04EC0-301F-11D3-BF4B-00C04F79EFBC}") = "Paint_3.0", "Paint_3.0\Paint_3.0.csproj", "{BDA8E9D8-538D-4FBE-8DBC-3646DFB2463B}"
EndProject
Global
	GlobalSection(SolutionConfigurationPlatforms) = preSolution
		Debug|Any CPU = Debug|Any CPU
		Release|Any CPU = Release|Any CPU
	EndGlobalSection
	GlobalSection(ProjectConfigurationPlatforms) = postSolution
		{BDA8E9D8-538D-4FBE-8DBC-3646DFB2463B}.Debug|Any CPU.ActiveCfg = Debug|Any CPU
		{BDA8E9D8-538D-4FBE-8DBC-3646DFB2463B}.Debug|Any CPU.Build.0 = Debug|Any CPU
		{BDA8E9D8-538D-4FBE-8DBC-3646DFB2463B}.Release|Any CPU.ActiveCfg = Release|Any CPU
		{BDA8E9D8-538D-4FBE-8DBC-3646DFB2463B}.Release|Any CPU.Build.0 = Release|Any CPU
	EndGlobalSection
	GlobalSection(SolutionProperties) = preSolution
		HideSolutionNode = FALSE
	EndGlobalSection
	GlobalSection(ExtensibilityGlobals) = postSolution
		SolutionGuid = {FFDCA586-42E6-4753-B1C4-B730E3ED904B}
	EndGlobalSection
EndGlobal
