
Microsoft Visual Studio Solution File, Format Version 12.00
# Visual Studio 15
VisualStudioVersion = 15.0.28307.271
MinimumVisualStudioVersion = 10.0.40219.1
Project("{FAE04EC0-301F-11D3-BF4B-00C04F79EFBC}") = "SerializationExample", "SerializationExample\SerializationExample.csproj", "{B82B6B5A-34A0-4CEF-9F66-8D1639364CEC}"
EndProject
Global
	GlobalSection(SolutionConfigurationPlatforms) = preSolution
		Debug|Any CPU = Debug|Any CPU
		Release|Any CPU = Release|Any CPU
	EndGlobalSection
	GlobalSection(ProjectConfigurationPlatforms) = postSolution
		{B82B6B5A-34A0-4CEF-9F66-8D1639364CEC}.Debug|Any CPU.ActiveCfg = Debug|Any CPU
		{B82B6B5A-34A0-4CEF-9F66-8D1639364CEC}.Debug|Any CPU.Build.0 = Debug|Any CPU
		{B82B6B5A-34A0-4CEF-9F66-8D1639364CEC}.Release|Any CPU.ActiveCfg = Release|Any CPU
		{B82B6B5A-34A0-4CEF-9F66-8D1639364CEC}.Release|Any CPU.Build.0 = Release|Any CPU
	EndGlobalSection
	GlobalSection(SolutionProperties) = preSolution
		HideSolutionNode = FALSE
	EndGlobalSection
	GlobalSection(ExtensibilityGlobals) = postSolution
		SolutionGuid = {FE4FB83E-35BC-44E4-BF2A-EA8E479C2644}
	EndGlobalSection
EndGlobal
