
Microsoft Visual Studio Solution File, Format Version 12.00
# Visual Studio 15
VisualStudioVersion = 15.0.28307.271
MinimumVisualStudioVersion = 10.0.40219.1
Project("{FAE04EC0-301F-11D3-BF4B-00C04F79EFBC}") = "PaintExmp4", "PaintExmp4\PaintExmp4.csproj", "{D2E8F23E-5338-4C28-B95A-39975F82FFA6}"
EndProject
Project("{FAE04EC0-301F-11D3-BF4B-00C04F79EFBC}") = "Example4", "Example4\Example4.csproj", "{6EA7E491-62EC-4469-868E-B79F72FDF993}"
EndProject
Global
	GlobalSection(SolutionConfigurationPlatforms) = preSolution
		Debug|Any CPU = Debug|Any CPU
		Release|Any CPU = Release|Any CPU
	EndGlobalSection
	GlobalSection(ProjectConfigurationPlatforms) = postSolution
		{D2E8F23E-5338-4C28-B95A-39975F82FFA6}.Debug|Any CPU.ActiveCfg = Debug|Any CPU
		{D2E8F23E-5338-4C28-B95A-39975F82FFA6}.Debug|Any CPU.Build.0 = Debug|Any CPU
		{D2E8F23E-5338-4C28-B95A-39975F82FFA6}.Release|Any CPU.ActiveCfg = Release|Any CPU
		{D2E8F23E-5338-4C28-B95A-39975F82FFA6}.Release|Any CPU.Build.0 = Release|Any CPU
		{6EA7E491-62EC-4469-868E-B79F72FDF993}.Debug|Any CPU.ActiveCfg = Debug|Any CPU
		{6EA7E491-62EC-4469-868E-B79F72FDF993}.Debug|Any CPU.Build.0 = Debug|Any CPU
		{6EA7E491-62EC-4469-868E-B79F72FDF993}.Release|Any CPU.ActiveCfg = Release|Any CPU
		{6EA7E491-62EC-4469-868E-B79F72FDF993}.Release|Any CPU.Build.0 = Release|Any CPU
	EndGlobalSection
	GlobalSection(SolutionProperties) = preSolution
		HideSolutionNode = FALSE
	EndGlobalSection
	GlobalSection(ExtensibilityGlobals) = postSolution
		SolutionGuid = {D9DC3119-0290-4768-9A5C-A7B2CB8B0264}
	EndGlobalSection
EndGlobal
