
Microsoft Visual Studio Solution File, Format Version 12.00
# Visual Studio 15
VisualStudioVersion = 15.0.28307.271
MinimumVisualStudioVersion = 10.0.40219.1
Project("{FAE04EC0-301F-11D3-BF4B-00C04F79EFBC}") = "PaintFinal", "PaintFinal\PaintFinal.csproj", "{37C5FD87-42FD-4A0D-8C53-9232406EC994}"
EndProject
Global
	GlobalSection(SolutionConfigurationPlatforms) = preSolution
		Debug|Any CPU = Debug|Any CPU
		Release|Any CPU = Release|Any CPU
	EndGlobalSection
	GlobalSection(ProjectConfigurationPlatforms) = postSolution
		{37C5FD87-42FD-4A0D-8C53-9232406EC994}.Debug|Any CPU.ActiveCfg = Debug|Any CPU
		{37C5FD87-42FD-4A0D-8C53-9232406EC994}.Debug|Any CPU.Build.0 = Debug|Any CPU
		{37C5FD87-42FD-4A0D-8C53-9232406EC994}.Release|Any CPU.ActiveCfg = Release|Any CPU
		{37C5FD87-42FD-4A0D-8C53-9232406EC994}.Release|Any CPU.Build.0 = Release|Any CPU
	EndGlobalSection
	GlobalSection(SolutionProperties) = preSolution
		HideSolutionNode = FALSE
	EndGlobalSection
	GlobalSection(ExtensibilityGlobals) = postSolution
		SolutionGuid = {73078C62-08A3-449B-816E-4853E67FB314}
	EndGlobalSection
EndGlobal
